{
  "originHash" : "454192d963136bada54f60e2af368725ae35122122eee1d516b71dc3fd712c2f",
  "pins" : [
    {
      "identity" : "beam",
      "kind" : "remoteSourceControl",
      "location" : "https://github.com/tornikegomareli/beam",
      "state" : {
        "revision" : "96eb0e2973326d2bce7bc3d4da3950b2fdfbf437",
        "version" : "0.1.0"
      }
    }
  ],
  "version" : 3
}
